
Microsoft Visual Studio Solution File, Format Version 12.00
# Visual Studio Version 17
VisualStudioVersion = 17.2.32516.85
MinimumVisualStudioVersion = 10.0.40219.1
Project("{9A19103F-16F7-4668-BE54-9A1E7A4F7556}") = "Transactions.API", "Transactions.API\Transactions.API.csproj", "{E967554B-EA96-4494-9809-B282D57AE821}"
EndProject
Project("{2150E333-8FDC-42A3-9474-1A3956D46DE8}") = "Transactions", "Transactions", "{DA2E8B50-DD4F-4AEC-AE24-4BAAC8A6A27D}"
EndProject
Project("{2150E333-8FDC-42A3-9474-1A3956D46DE8}") = "Users", "Users", "{E0A8A993-E139-4867-9216-81EBA91691F0}"
EndProject
Project("{2150E333-8FDC-42A3-9474-1A3956D46DE8}") = "Assets", "Assets", "{A470BEFB-18EF-487F-8ED3-ED3D62FB608A}"
EndProject
Project("{9A19103F-16F7-4668-BE54-9A1E7A4F7556}") = "Assets.API", "Assets.API\Assets.API.csproj", "{7CF2C366-419A-40E7-97C6-5A8BB6E678DB}"
EndProject
Project("{9A19103F-16F7-4668-BE54-9A1E7A4F7556}") = "Assets.Model", "Assets.Model\Assets.Model.csproj", "{BBD15690-A0B7-4783-A9A9-9D519FF03EDF}"
EndProject
Project("{2150E333-8FDC-42A3-9474-1A3956D46DE8}") = "Core", "Core", "{B4A9D059-81AD-42F0-8F35-C3F6587DA3E9}"
EndProject
Project("{9A19103F-16F7-4668-BE54-9A1E7A4F7556}") = "Core.Model", "Core.Model\Core.Model.csproj", "{354047D1-7E39-4984-9937-1240E9CAF356}"
EndProject
Project("{9A19103F-16F7-4668-BE54-9A1E7A4F7556}") = "Core.Infra.MongoDB", "Core.Infra\Core.Infra.MongoDB.csproj", "{7A9BE2EC-37E3-4C91-905C-7D4078AADD0B}"
EndProject
Project("{9A19103F-16F7-4668-BE54-9A1E7A4F7556}") = "Core.API", "Core.API\Core.API.csproj", "{8836ABF0-EE8C-4B92-A1FC-14EAB3F3EEEA}"
EndProject
Project("{9A19103F-16F7-4668-BE54-9A1E7A4F7556}") = "Users.API", "Users.API\Users.API.csproj", "{7E03B3C9-E0CC-4794-8EC8-C70302575792}"
EndProject
Project("{9A19103F-16F7-4668-BE54-9A1E7A4F7556}") = "Users.Model", "Users.Model\Users.Model.csproj", "{574A6016-1A8F-41C1-BE99-09BB9F9DD398}"
EndProject
Project("{9A19103F-16F7-4668-BE54-9A1E7A4F7556}") = "Assets.Infra", "Assets.Infra\Assets.Infra.csproj", "{CAECAD1D-1625-4EC5-928E-5394B45222C8}"
EndProject
Project("{9A19103F-16F7-4668-BE54-9A1E7A4F7556}") = "Transactions.Model", "Transactions.Model\Transactions.Model.csproj", "{323B811D-D91A-4DD1-A737-5F2308A2A9F1}"
EndProject
Project("{FAE04EC0-301F-11D3-BF4B-00C04F79EFBC}") = "Users.Infra", "Users.Infra\Users.Infra.csproj", "{F27BE417-C1CC-4A66-8D88-025FABC21E51}"
EndProject
Project("{2150E333-8FDC-42A3-9474-1A3956D46DE8}") = "src", "src", "{490781BB-B891-447B-B803-2575915ADB12}"
EndProject
Project("{2150E333-8FDC-42A3-9474-1A3956D46DE8}") = "tests", "tests", "{FB184257-82CF-405B-9732-13BF352B95DF}"
EndProject
Project("{E53339B2-1760-4266-BCC7-CA923CBCF16C}") = "docker-compose", "docker-compose.dcproj", "{7F5AEE8A-F753-48B6-AA84-552C00291E53}"
EndProject
Project("{9A19103F-16F7-4668-BE54-9A1E7A4F7556}") = "Assets.Tests", "Assets.Tests\Assets.Tests.csproj", "{B6C0DF77-E626-4089-9D68-6620E224D168}"
EndProject
Global
	GlobalSection(SolutionConfigurationPlatforms) = preSolution
		Debug|Any CPU = Debug|Any CPU
		Release|Any CPU = Release|Any CPU
	EndGlobalSection
	GlobalSection(ProjectConfigurationPlatforms) = postSolution
		{E967554B-EA96-4494-9809-B282D57AE821}.Debug|Any CPU.ActiveCfg = Debug|Any CPU
		{E967554B-EA96-4494-9809-B282D57AE821}.Debug|Any CPU.Build.0 = Debug|Any CPU
		{E967554B-EA96-4494-9809-B282D57AE821}.Release|Any CPU.ActiveCfg = Release|Any CPU
		{E967554B-EA96-4494-9809-B282D57AE821}.Release|Any CPU.Build.0 = Release|Any CPU
		{7CF2C366-419A-40E7-97C6-5A8BB6E678DB}.Debug|Any CPU.ActiveCfg = Debug|Any CPU
		{7CF2C366-419A-40E7-97C6-5A8BB6E678DB}.Debug|Any CPU.Build.0 = Debug|Any CPU
		{7CF2C366-419A-40E7-97C6-5A8BB6E678DB}.Release|Any CPU.ActiveCfg = Release|Any CPU
		{7CF2C366-419A-40E7-97C6-5A8BB6E678DB}.Release|Any CPU.Build.0 = Release|Any CPU
		{BBD15690-A0B7-4783-A9A9-9D519FF03EDF}.Debug|Any CPU.ActiveCfg = Debug|Any CPU
		{BBD15690-A0B7-4783-A9A9-9D519FF03EDF}.Debug|Any CPU.Build.0 = Debug|Any CPU
		{BBD15690-A0B7-4783-A9A9-9D519FF03EDF}.Release|Any CPU.ActiveCfg = Release|Any CPU
		{BBD15690-A0B7-4783-A9A9-9D519FF03EDF}.Release|Any CPU.Build.0 = Release|Any CPU
		{354047D1-7E39-4984-9937-1240E9CAF356}.Debug|Any CPU.ActiveCfg = Debug|Any CPU
		{354047D1-7E39-4984-9937-1240E9CAF356}.Debug|Any CPU.Build.0 = Debug|Any CPU
		{354047D1-7E39-4984-9937-1240E9CAF356}.Release|Any CPU.ActiveCfg = Release|Any CPU
		{354047D1-7E39-4984-9937-1240E9CAF356}.Release|Any CPU.Build.0 = Release|Any CPU
		{7A9BE2EC-37E3-4C91-905C-7D4078AADD0B}.Debug|Any CPU.ActiveCfg = Debug|Any CPU
		{7A9BE2EC-37E3-4C91-905C-7D4078AADD0B}.Debug|Any CPU.Build.0 = Debug|Any CPU
		{7A9BE2EC-37E3-4C91-905C-7D4078AADD0B}.Release|Any CPU.ActiveCfg = Release|Any CPU
		{7A9BE2EC-37E3-4C91-905C-7D4078AADD0B}.Release|Any CPU.Build.0 = Release|Any CPU
		{8836ABF0-EE8C-4B92-A1FC-14EAB3F3EEEA}.Debug|Any CPU.ActiveCfg = Debug|Any CPU
		{8836ABF0-EE8C-4B92-A1FC-14EAB3F3EEEA}.Debug|Any CPU.Build.0 = Debug|Any CPU
		{8836ABF0-EE8C-4B92-A1FC-14EAB3F3EEEA}.Release|Any CPU.ActiveCfg = Release|Any CPU
		{8836ABF0-EE8C-4B92-A1FC-14EAB3F3EEEA}.Release|Any CPU.Build.0 = Release|Any CPU
		{7E03B3C9-E0CC-4794-8EC8-C70302575792}.Debug|Any CPU.ActiveCfg = Debug|Any CPU
		{7E03B3C9-E0CC-4794-8EC8-C70302575792}.Debug|Any CPU.Build.0 = Debug|Any CPU
		{7E03B3C9-E0CC-4794-8EC8-C70302575792}.Release|Any CPU.ActiveCfg = Release|Any CPU
		{7E03B3C9-E0CC-4794-8EC8-C70302575792}.Release|Any CPU.Build.0 = Release|Any CPU
		{574A6016-1A8F-41C1-BE99-09BB9F9DD398}.Debug|Any CPU.ActiveCfg = Debug|Any CPU
		{574A6016-1A8F-41C1-BE99-09BB9F9DD398}.Debug|Any CPU.Build.0 = Debug|Any CPU
		{574A6016-1A8F-41C1-BE99-09BB9F9DD398}.Release|Any CPU.ActiveCfg = Release|Any CPU
		{574A6016-1A8F-41C1-BE99-09BB9F9DD398}.Release|Any CPU.Build.0 = Release|Any CPU
		{CAECAD1D-1625-4EC5-928E-5394B45222C8}.Debug|Any CPU.ActiveCfg = Debug|Any CPU
		{CAECAD1D-1625-4EC5-928E-5394B45222C8}.Debug|Any CPU.Build.0 = Debug|Any CPU
		{CAECAD1D-1625-4EC5-928E-5394B45222C8}.Release|Any CPU.ActiveCfg = Release|Any CPU
		{CAECAD1D-1625-4EC5-928E-5394B45222C8}.Release|Any CPU.Build.0 = Release|Any CPU
		{323B811D-D91A-4DD1-A737-5F2308A2A9F1}.Debug|Any CPU.ActiveCfg = Debug|Any CPU
		{323B811D-D91A-4DD1-A737-5F2308A2A9F1}.Debug|Any CPU.Build.0 = Debug|Any CPU
		{323B811D-D91A-4DD1-A737-5F2308A2A9F1}.Release|Any CPU.ActiveCfg = Release|Any CPU
		{323B811D-D91A-4DD1-A737-5F2308A2A9F1}.Release|Any CPU.Build.0 = Release|Any CPU
		{F27BE417-C1CC-4A66-8D88-025FABC21E51}.Debug|Any CPU.ActiveCfg = Debug|Any CPU
		{F27BE417-C1CC-4A66-8D88-025FABC21E51}.Debug|Any CPU.Build.0 = Debug|Any CPU
		{F27BE417-C1CC-4A66-8D88-025FABC21E51}.Release|Any CPU.ActiveCfg = Release|Any CPU
		{F27BE417-C1CC-4A66-8D88-025FABC21E51}.Release|Any CPU.Build.0 = Release|Any CPU
		{7F5AEE8A-F753-48B6-AA84-552C00291E53}.Debug|Any CPU.ActiveCfg = Debug|Any CPU
		{7F5AEE8A-F753-48B6-AA84-552C00291E53}.Debug|Any CPU.Build.0 = Debug|Any CPU
		{7F5AEE8A-F753-48B6-AA84-552C00291E53}.Release|Any CPU.ActiveCfg = Release|Any CPU
		{7F5AEE8A-F753-48B6-AA84-552C00291E53}.Release|Any CPU.Build.0 = Release|Any CPU
		{B6C0DF77-E626-4089-9D68-6620E224D168}.Debug|Any CPU.ActiveCfg = Debug|Any CPU
		{B6C0DF77-E626-4089-9D68-6620E224D168}.Debug|Any CPU.Build.0 = Debug|Any CPU
		{B6C0DF77-E626-4089-9D68-6620E224D168}.Release|Any CPU.ActiveCfg = Release|Any CPU
		{B6C0DF77-E626-4089-9D68-6620E224D168}.Release|Any CPU.Build.0 = Release|Any CPU
	EndGlobalSection
	GlobalSection(SolutionProperties) = preSolution
		HideSolutionNode = FALSE
	EndGlobalSection
	GlobalSection(NestedProjects) = preSolution
		{E967554B-EA96-4494-9809-B282D57AE821} = {DA2E8B50-DD4F-4AEC-AE24-4BAAC8A6A27D}
		{DA2E8B50-DD4F-4AEC-AE24-4BAAC8A6A27D} = {490781BB-B891-447B-B803-2575915ADB12}
		{E0A8A993-E139-4867-9216-81EBA91691F0} = {490781BB-B891-447B-B803-2575915ADB12}
		{A470BEFB-18EF-487F-8ED3-ED3D62FB608A} = {490781BB-B891-447B-B803-2575915ADB12}
		{7CF2C366-419A-40E7-97C6-5A8BB6E678DB} = {A470BEFB-18EF-487F-8ED3-ED3D62FB608A}
		{BBD15690-A0B7-4783-A9A9-9D519FF03EDF} = {A470BEFB-18EF-487F-8ED3-ED3D62FB608A}
		{B4A9D059-81AD-42F0-8F35-C3F6587DA3E9} = {490781BB-B891-447B-B803-2575915ADB12}
		{354047D1-7E39-4984-9937-1240E9CAF356} = {B4A9D059-81AD-42F0-8F35-C3F6587DA3E9}
		{7A9BE2EC-37E3-4C91-905C-7D4078AADD0B} = {B4A9D059-81AD-42F0-8F35-C3F6587DA3E9}
		{8836ABF0-EE8C-4B92-A1FC-14EAB3F3EEEA} = {B4A9D059-81AD-42F0-8F35-C3F6587DA3E9}
		{7E03B3C9-E0CC-4794-8EC8-C70302575792} = {E0A8A993-E139-4867-9216-81EBA91691F0}
		{574A6016-1A8F-41C1-BE99-09BB9F9DD398} = {E0A8A993-E139-4867-9216-81EBA91691F0}
		{CAECAD1D-1625-4EC5-928E-5394B45222C8} = {A470BEFB-18EF-487F-8ED3-ED3D62FB608A}
		{323B811D-D91A-4DD1-A737-5F2308A2A9F1} = {DA2E8B50-DD4F-4AEC-AE24-4BAAC8A6A27D}
		{F27BE417-C1CC-4A66-8D88-025FABC21E51} = {E0A8A993-E139-4867-9216-81EBA91691F0}
		{B6C0DF77-E626-4089-9D68-6620E224D168} = {FB184257-82CF-405B-9732-13BF352B95DF}
	EndGlobalSection
	GlobalSection(ExtensibilityGlobals) = postSolution
		SolutionGuid = {344D417D-07BA-4F35-9CAA-B13FA895CB52}
	EndGlobalSection
EndGlobal
