
Microsoft Visual Studio Solution File, Format Version 12.00
# Visual Studio Version 17
VisualStudioVersion = 17.7.34031.279
MinimumVisualStudioVersion = 10.0.40219.1
Project("{9A19103F-16F7-4668-BE54-9A1E7A4F7556}") = "Monads.WebApi", "Monads.WebApi\Monads.WebApi.csproj", "{8B4C1FEB-CCF9-455A-8A8D-6699EEA0486B}"
EndProject
Global
	GlobalSection(SolutionConfigurationPlatforms) = preSolution
		Debug|Any CPU = Debug|Any CPU
		Release|Any CPU = Release|Any CPU
	EndGlobalSection
	GlobalSection(ProjectConfigurationPlatforms) = postSolution
		{8B4C1FEB-CCF9-455A-8A8D-6699EEA0486B}.Debug|Any CPU.ActiveCfg = Debug|Any CPU
		{8B4C1FEB-CCF9-455A-8A8D-6699EEA0486B}.Debug|Any CPU.Build.0 = Debug|Any CPU
		{8B4C1FEB-CCF9-455A-8A8D-6699EEA0486B}.Release|Any CPU.ActiveCfg = Release|Any CPU
		{8B4C1FEB-CCF9-455A-8A8D-6699EEA0486B}.Release|Any CPU.Build.0 = Release|Any CPU
	EndGlobalSection
	GlobalSection(SolutionProperties) = preSolution
		HideSolutionNode = FALSE
	EndGlobalSection
	GlobalSection(ExtensibilityGlobals) = postSolution
		SolutionGuid = {0DF797E1-91FF-46DF-9AA3-40AACB3D7007}
	EndGlobalSection
EndGlobal
